github.com/google/uuid v1.3.0 h1:t6JiXgmwXMjEs8VusXIJk2BXHsn+wx8BZdTaoZ5fu7I=
github.com/google/uuid v1.3.0/go.mod h1:TIyPZe4MgqvfeYDBFedMoGGpEw/LqOeaOT+nhxU+yHo=
github.com/sdpsagarpawar/logger v1.0.2 h1:O6nYWhWUkmq+2wSk2heMRkDHKtIX1Pj9ckSZLsboFG0=
github.com/sdpsagarpawar/logger v1.0.2/go.mod h1:Hu0F+KD2OGNp9zJ3wku28OGpnPjZwHuXXR0EUERIAoA=
github.com/sdpsagarpawar/router v0.0.0-20230626150032-046aa971e550 h1:GiPj3SRWDhvAEJ2FWPYMsps//tjr0ErrNKSd043jdAM=
github.com/sdpsagarpawar/router v0.0.0-20230626150032-046aa971e550/go.mod h1:/eeowKYRIKZnfFVsLNIYWbz2lg3L4rZf4YLyQ6wdNO8=
